// !$*UTF8*$!
{
	archiveVersion = 1;
	classes = {
	};
	objectVersion = 55;
	objects = {

/* Begin PBXBuildFile section */
		B9A1AE9B95B6D5D889AE7E28 /* Pods_CuBa_Practice.framework in Frameworks */ = {isa = PBXBuildFile; fileRef = 658B59A43E038EEE7C395967 /* Pods_CuBa_Practice.framework */; };
		E3F2B3C7844E43AE053FAF00 /* Pods_CuBa_PracticeTests.framework in Frameworks */ = {isa = PBXBuildFile; fileRef = E30C371F74F5FED71DB1DD01 /* Pods_CuBa_PracticeTests.framework */; };
		F10DA7872821BD2900C0BAAB /* UsernameTextFieldWithButton.swift in Sources */ = {isa = PBXBuildFile; fileRef = F10DA7862821BD2900C0BAAB /* UsernameTextFieldWithButton.swift */; };
		F10DA7892821C25600C0BAAB /* CustomSignInButton.swift in Sources */ = {isa = PBXBuildFile; fileRef = F10DA7882821C25600C0BAAB /* CustomSignInButton.swift */; };
		F13A3A2628216A480073D373 /* Main.storyboard in Resources */ = {isa = PBXBuildFile; fileRef = F13A3A2428216A480073D373 /* Main.storyboard */; };
		F13A3A2C282174BB0073D373 /* CustomSignupButton.swift in Sources */ = {isa = PBXBuildFile; fileRef = F13A3A2B282174BB0073D373 /* CustomSignupButton.swift */; };
		F13A3A2E282176290073D373 /* BaseCustomUIButton.swift in Sources */ = {isa = PBXBuildFile; fileRef = F13A3A2D282176290073D373 /* BaseCustomUIButton.swift */; };
		F13A3A30282178AA0073D373 /* BaseUILabel.swift in Sources */ = {isa = PBXBuildFile; fileRef = F13A3A2F282178AA0073D373 /* BaseUILabel.swift */; };
		F157700E282166DB008EEF6F /* LaunchScreen.storyboard in Resources */ = {isa = PBXBuildFile; fileRef = F19B1879281BA6060061EEDC /* LaunchScreen.storyboard */; };
		F15CB90028224B4600032101 /* DMSans-BoldItalic.ttf in Resources */ = {isa = PBXBuildFile; fileRef = F1D102B5281BE67600DD2C0D /* DMSans-BoldItalic.ttf */; };
		F15CB90128224B4900032101 /* DMSans-Bold.ttf in Resources */ = {isa = PBXBuildFile; fileRef = F1D102B4281BE67600DD2C0D /* DMSans-Bold.ttf */; };
		F15CB90228224B4C00032101 /* DMSans-Medium.ttf in Resources */ = {isa = PBXBuildFile; fileRef = F1D102B3281BE67600DD2C0D /* DMSans-Medium.ttf */; };
		F15CB90328224B4E00032101 /* DMSans-Regular.ttf in Resources */ = {isa = PBXBuildFile; fileRef = F1D102B2281BE67600DD2C0D /* DMSans-Regular.ttf */; };
		F15CB90428224B5100032101 /* DMSans-MediumItalic.ttf in Resources */ = {isa = PBXBuildFile; fileRef = F1D102B6281BE67600DD2C0D /* DMSans-MediumItalic.ttf */; };
		F15CB90528224B5300032101 /* DMSans-Italic.ttf in Resources */ = {isa = PBXBuildFile; fileRef = F1D102B7281BE67600DD2C0D /* DMSans-Italic.ttf */; };
		F15CB908282287E300032101 /* UserProfile.storyboard in Resources */ = {isa = PBXBuildFile; fileRef = F15CB907282287E300032101 /* UserProfile.storyboard */; };
		F15CB90C28228F2400032101 /* UserProfileViewController.swift in Sources */ = {isa = PBXBuildFile; fileRef = F15CB90B28228F2400032101 /* UserProfileViewController.swift */; };
		F15CB90F2822948E00032101 /* RoundedCustomUIView.swift in Sources */ = {isa = PBXBuildFile; fileRef = F15CB90E2822948E00032101 /* RoundedCustomUIView.swift */; };
		F15CB91128229E7000032101 /* DarkGrayUILabel.swift in Sources */ = {isa = PBXBuildFile; fileRef = F15CB91028229E7000032101 /* DarkGrayUILabel.swift */; };
		F15CB9132822A13500032101 /* LightGrayUILabel.swift in Sources */ = {isa = PBXBuildFile; fileRef = F15CB9122822A13500032101 /* LightGrayUILabel.swift */; };
		F15CB9172822BF7100032101 /* ModelClass.swift in Sources */ = {isa = PBXBuildFile; fileRef = F15CB9162822BF7100032101 /* ModelClass.swift */; };
		F15CB9192822C7ED00032101 /* UserProfileCell.swift in Sources */ = {isa = PBXBuildFile; fileRef = F15CB9182822C7ED00032101 /* UserProfileCell.swift */; };
		F172EBE128215B8000B05DCA /* SignInViewController.swift in Sources */ = {isa = PBXBuildFile; fileRef = F172EBDF28215B8000B05DCA /* SignInViewController.swift */; };
		F172EBE228215B8000B05DCA /* SignUpScreenViewController.swift in Sources */ = {isa = PBXBuildFile; fileRef = F172EBE028215B8000B05DCA /* SignUpScreenViewController.swift */; };
		F172EBEB28215CBA00B05DCA /* BuisnessUrlTextField.swift in Sources */ = {isa = PBXBuildFile; fileRef = F172EBE928215CBA00B05DCA /* BuisnessUrlTextField.swift */; };
		F172EBEC28215CBA00B05DCA /* EmailTextField.swift in Sources */ = {isa = PBXBuildFile; fileRef = F172EBEA28215CBA00B05DCA /* EmailTextField.swift */; };
		F172EBF928215FEC00B05DCA /* UIViewController.swift in Sources */ = {isa = PBXBuildFile; fileRef = F172EBF828215FEC00B05DCA /* UIViewController.swift */; };
		F19788E42823A45600CFCE07 /* OnBoardingScreen.storyboard in Resources */ = {isa = PBXBuildFile; fileRef = F19788E32823A45600CFCE07 /* OnBoardingScreen.storyboard */; };
		F19788E62823A48B00CFCE07 /* OnBoardingViewController.swift in Sources */ = {isa = PBXBuildFile; fileRef = F19788E52823A48B00CFCE07 /* OnBoardingViewController.swift */; };
		F19788E82823B17400CFCE07 /* CustomWhiteBacKButton.swift in Sources */ = {isa = PBXBuildFile; fileRef = F19788E72823B17400CFCE07 /* CustomWhiteBacKButton.swift */; };
		F19788EA2823B1CB00CFCE07 /* OnBoardingModel.swift in Sources */ = {isa = PBXBuildFile; fileRef = F19788E92823B1CB00CFCE07 /* OnBoardingModel.swift */; };
		F19788EC2823B36D00CFCE07 /* OnBoardingScreenCell.swift in Sources */ = {isa = PBXBuildFile; fileRef = F19788EB2823B36D00CFCE07 /* OnBoardingScreenCell.swift */; };
		F19B186F281BA6050061EEDC /* AppDelegate.swift in Sources */ = {isa = PBXBuildFile; fileRef = F19B186E281BA6050061EEDC /* AppDelegate.swift */; };
		F19B1871281BA6050061EEDC /* SceneDelegate.swift in Sources */ = {isa = PBXBuildFile; fileRef = F19B1870281BA6050061EEDC /* SceneDelegate.swift */; };
		F19B1873281BA6050061EEDC /* ViewController.swift in Sources */ = {isa = PBXBuildFile; fileRef = F19B1872281BA6050061EEDC /* ViewController.swift */; };
		F19B1878281BA6060061EEDC /* Assets.xcassets in Resources */ = {isa = PBXBuildFile; fileRef = F19B1877281BA6060061EEDC /* Assets.xcassets */; };
		F19B1886281BA6070061EEDC /* CuBa_PracticeTests.swift in Sources */ = {isa = PBXBuildFile; fileRef = F19B1885281BA6070061EEDC /* CuBa_PracticeTests.swift */; };
		F19B1890281BA6070061EEDC /* CuBa_PracticeUITests.swift in Sources */ = {isa = PBXBuildFile; fileRef = F19B188F281BA6070061EEDC /* CuBa_PracticeUITests.swift */; };
		F19B1892281BA6070061EEDC /* CuBa_PracticeUITestsLaunchTests.swift in Sources */ = {isa = PBXBuildFile; fileRef = F19B1891281BA6070061EEDC /* CuBa_PracticeUITestsLaunchTests.swift */; };
		F19B18A0281BAA2C0061EEDC /* BaseCustomUITextField.swift in Sources */ = {isa = PBXBuildFile; fileRef = F19B189F281BAA2C0061EEDC /* BaseCustomUITextField.swift */; };
		F1D102AF281BC72300DD2C0D /* ColorFile.swift in Sources */ = {isa = PBXBuildFile; fileRef = F1D102AE281BC72300DD2C0D /* ColorFile.swift */; };
		F1D102B9281BEA5F00DD2C0D /* UserNameTextField.swift in Sources */ = {isa = PBXBuildFile; fileRef = F1D102B8281BEA5F00DD2C0D /* UserNameTextField.swift */; };
		F1D102BE281C0AE000DD2C0D /* PasswordUITextField.swift in Sources */ = {isa = PBXBuildFile; fileRef = F1D102BD281C0AE000DD2C0D /* PasswordUITextField.swift */; };
		F1F27A792827EE40006729A2 /* R.generated.swift in Sources */ = {isa = PBXBuildFile; fileRef = F1F27A782827EE40006729A2 /* R.generated.swift */; };
		F1F27A802827F2B5006729A2 /* Identifiers.swift in Sources */ = {isa = PBXBuildFile; fileRef = F1F27A7F2827F2B5006729A2 /* Identifiers.swift */; };
		FAC74EB37FBCEA60998FD533 /* Pods_CuBa_Practice_CuBa_PracticeUITests.framework in Frameworks */ = {isa = PBXBuildFile; fileRef = CF7A96C60CD999FFEAEA6D25 /* Pods_CuBa_Practice_CuBa_PracticeUITests.framework */; };
/* End PBXBuildFile section */

/* Begin PBXContainerItemProxy section */
		F19B1882281BA6070061EEDC /* PBXContainerItemProxy */ = {
			isa = PBXContainerItemProxy;
			containerPortal = F19B1863281BA6050061EEDC /* Project object */;
			proxyType = 1;
			remoteGlobalIDString = F19B186A281BA6050061EEDC;
			remoteInfo = CuBa_Practice;
		};
		F19B188C281BA6070061EEDC /* PBXContainerItemProxy */ = {
			isa = PBXContainerItemProxy;
			containerPortal = F19B1863281BA6050061EEDC /* Project object */;
			proxyType = 1;
			remoteGlobalIDString = F19B186A281BA6050061EEDC;
			remoteInfo = CuBa_Practice;
		};
/* End PBXContainerItemProxy section */

/* Begin PBXFileReference section */
		0B039A60C626A18AA7137185 /* Pods-CuBa_Practice-CuBa_PracticeUITests.release.xcconfig */ = {isa = PBXFileReference; includeInIndex = 1; lastKnownFileType = text.xcconfig; name = "Pods-CuBa_Practice-CuBa_PracticeUITests.release.xcconfig"; path = "Target Support Files/Pods-CuBa_Practice-CuBa_PracticeUITests/Pods-CuBa_Practice-CuBa_PracticeUITests.release.xcconfig"; sourceTree = "<group>"; };
		6571FA21BD505B711484511B /* Pods-CuBa_Practice-CuBa_PracticeUITests.debug.xcconfig */ = {isa = PBXFileReference; includeInIndex = 1; lastKnownFileType = text.xcconfig; name = "Pods-CuBa_Practice-CuBa_PracticeUITests.debug.xcconfig"; path = "Target Support Files/Pods-CuBa_Practice-CuBa_PracticeUITests/Pods-CuBa_Practice-CuBa_PracticeUITests.debug.xcconfig"; sourceTree = "<group>"; };
		658B59A43E038EEE7C395967 /* Pods_CuBa_Practice.framework */ = {isa = PBXFileReference; explicitFileType = wrapper.framework; includeInIndex = 0; path = Pods_CuBa_Practice.framework; sourceTree = BUILT_PRODUCTS_DIR; };
		868BA793949B15DE37F36AD7 /* Pods-CuBa_Practice.release.xcconfig */ = {isa = PBXFileReference; includeInIndex = 1; lastKnownFileType = text.xcconfig; name = "Pods-CuBa_Practice.release.xcconfig"; path = "Target Support Files/Pods-CuBa_Practice/Pods-CuBa_Practice.release.xcconfig"; sourceTree = "<group>"; };
		89875E2EA421D8B6CF37C0BD /* Pods-CuBa_PracticeTests.debug.xcconfig */ = {isa = PBXFileReference; includeInIndex = 1; lastKnownFileType = text.xcconfig; name = "Pods-CuBa_PracticeTests.debug.xcconfig"; path = "Target Support Files/Pods-CuBa_PracticeTests/Pods-CuBa_PracticeTests.debug.xcconfig"; sourceTree = "<group>"; };
		9BC3F889A586F0E4249B434B /* Pods-CuBa_PracticeTests.release.xcconfig */ = {isa = PBXFileReference; includeInIndex = 1; lastKnownFileType = text.xcconfig; name = "Pods-CuBa_PracticeTests.release.xcconfig"; path = "Target Support Files/Pods-CuBa_PracticeTests/Pods-CuBa_PracticeTests.release.xcconfig"; sourceTree = "<group>"; };
		CF7A96C60CD999FFEAEA6D25 /* Pods_CuBa_Practice_CuBa_PracticeUITests.framework */ = {isa = PBXFileReference; explicitFileType = wrapper.framework; includeInIndex = 0; path = Pods_CuBa_Practice_CuBa_PracticeUITests.framework; sourceTree = BUILT_PRODUCTS_DIR; };
		E30C371F74F5FED71DB1DD01 /* Pods_CuBa_PracticeTests.framework */ = {isa = PBXFileReference; explicitFileType = wrapper.framework; includeInIndex = 0; path = Pods_CuBa_PracticeTests.framework; sourceTree = BUILT_PRODUCTS_DIR; };
		F049EA8F433323EBF1DFAE96 /* Pods-CuBa_Practice.debug.xcconfig */ = {isa = PBXFileReference; includeInIndex = 1; lastKnownFileType = text.xcconfig; name = "Pods-CuBa_Practice.debug.xcconfig"; path = "Target Support Files/Pods-CuBa_Practice/Pods-CuBa_Practice.debug.xcconfig"; sourceTree = "<group>"; };
		F10DA7862821BD2900C0BAAB /* UsernameTextFieldWithButton.swift */ = {isa = PBXFileReference; lastKnownFileType = sourcecode.swift; path = UsernameTextFieldWithButton.swift; sourceTree = "<group>"; };
		F10DA7882821C25600C0BAAB /* CustomSignInButton.swift */ = {isa = PBXFileReference; lastKnownFileType = sourcecode.swift; path = CustomSignInButton.swift; sourceTree = "<group>"; };
		F13A3A2528216A480073D373 /* Base */ = {isa = PBXFileReference; lastKnownFileType = file.storyboard; name = Base; path = Base.lproj/Main.storyboard; sourceTree = "<group>"; };
		F13A3A2B282174BB0073D373 /* CustomSignupButton.swift */ = {isa = PBXFileReference; lastKnownFileType = sourcecode.swift; path = CustomSignupButton.swift; sourceTree = "<group>"; };
		F13A3A2D282176290073D373 /* BaseCustomUIButton.swift */ = {isa = PBXFileReference; lastKnownFileType = sourcecode.swift; path = BaseCustomUIButton.swift; sourceTree = "<group>"; };
		F13A3A2F282178AA0073D373 /* BaseUILabel.swift */ = {isa = PBXFileReference; lastKnownFileType = sourcecode.swift; path = BaseUILabel.swift; sourceTree = "<group>"; };
		F15CB907282287E300032101 /* UserProfile.storyboard */ = {isa = PBXFileReference; lastKnownFileType = file.storyboard; path = UserProfile.storyboard; sourceTree = "<group>"; };
		F15CB90B28228F2400032101 /* UserProfileViewController.swift */ = {isa = PBXFileReference; lastKnownFileType = sourcecode.swift; path = UserProfileViewController.swift; sourceTree = "<group>"; };
		F15CB90E2822948E00032101 /* RoundedCustomUIView.swift */ = {isa = PBXFileReference; lastKnownFileType = sourcecode.swift; path = RoundedCustomUIView.swift; sourceTree = "<group>"; };
		F15CB91028229E7000032101 /* DarkGrayUILabel.swift */ = {isa = PBXFileReference; lastKnownFileType = sourcecode.swift; path = DarkGrayUILabel.swift; sourceTree = "<group>"; };
		F15CB9122822A13500032101 /* LightGrayUILabel.swift */ = {isa = PBXFileReference; lastKnownFileType = sourcecode.swift; path = LightGrayUILabel.swift; sourceTree = "<group>"; };
		F15CB9162822BF7100032101 /* ModelClass.swift */ = {isa = PBXFileReference; lastKnownFileType = sourcecode.swift; path = ModelClass.swift; sourceTree = "<group>"; };
		F15CB9182822C7ED00032101 /* UserProfileCell.swift */ = {isa = PBXFileReference; lastKnownFileType = sourcecode.swift; path = UserProfileCell.swift; sourceTree = "<group>"; };
		F172EBDF28215B8000B05DCA /* SignInViewController.swift */ = {isa = PBXFileReference; lastKnownFileType = sourcecode.swift; path = SignInViewController.swift; sourceTree = "<group>"; };
		F172EBE028215B8000B05DCA /* SignUpScreenViewController.swift */ = {isa = PBXFileReference; lastKnownFileType = sourcecode.swift; path = SignUpScreenViewController.swift; sourceTree = "<group>"; };
		F172EBE928215CBA00B05DCA /* BuisnessUrlTextField.swift */ = {isa = PBXFileReference; lastKnownFileType = sourcecode.swift; path = BuisnessUrlTextField.swift; sourceTree = "<group>"; };
		F172EBEA28215CBA00B05DCA /* EmailTextField.swift */ = {isa = PBXFileReference; lastKnownFileType = sourcecode.swift; path = EmailTextField.swift; sourceTree = "<group>"; };
		F172EBF828215FEC00B05DCA /* UIViewController.swift */ = {isa = PBXFileReference; lastKnownFileType = sourcecode.swift; path = UIViewController.swift; sourceTree = "<group>"; };
		F19788E32823A45600CFCE07 /* OnBoardingScreen.storyboard */ = {isa = PBXFileReference; lastKnownFileType = file.storyboard; path = OnBoardingScreen.storyboard; sourceTree = "<group>"; };
		F19788E52823A48B00CFCE07 /* OnBoardingViewController.swift */ = {isa = PBXFileReference; lastKnownFileType = sourcecode.swift; path = OnBoardingViewController.swift; sourceTree = "<group>"; };
		F19788E72823B17400CFCE07 /* CustomWhiteBacKButton.swift */ = {isa = PBXFileReference; lastKnownFileType = sourcecode.swift; path = CustomWhiteBacKButton.swift; sourceTree = "<group>"; };
		F19788E92823B1CB00CFCE07 /* OnBoardingModel.swift */ = {isa = PBXFileReference; lastKnownFileType = sourcecode.swift; path = OnBoardingModel.swift; sourceTree = "<group>"; };
		F19788EB2823B36D00CFCE07 /* OnBoardingScreenCell.swift */ = {isa = PBXFileReference; lastKnownFileType = sourcecode.swift; path = OnBoardingScreenCell.swift; sourceTree = "<group>"; };
		F19B186B281BA6050061EEDC /* CuBa_Practice.app */ = {isa = PBXFileReference; explicitFileType = wrapper.application; includeInIndex = 0; path = CuBa_Practice.app; sourceTree = BUILT_PRODUCTS_DIR; };
		F19B186E281BA6050061EEDC /* AppDelegate.swift */ = {isa = PBXFileReference; lastKnownFileType = sourcecode.swift; path = AppDelegate.swift; sourceTree = "<group>"; };
		F19B1870281BA6050061EEDC /* SceneDelegate.swift */ = {isa = PBXFileReference; lastKnownFileType = sourcecode.swift; path = SceneDelegate.swift; sourceTree = "<group>"; };
		F19B1872281BA6050061EEDC /* ViewController.swift */ = {isa = PBXFileReference; lastKnownFileType = sourcecode.swift; path = ViewController.swift; sourceTree = "<group>"; };
		F19B1877281BA6060061EEDC /* Assets.xcassets */ = {isa = PBXFileReference; lastKnownFileType = folder.assetcatalog; path = Assets.xcassets; sourceTree = "<group>"; };
		F19B187A281BA6060061EEDC /* Base */ = {isa = PBXFileReference; lastKnownFileType = file.storyboard; name = Base; path = Base.lproj/LaunchScreen.storyboard; sourceTree = "<group>"; };
		F19B187C281BA6060061EEDC /* Info.plist */ = {isa = PBXFileReference; lastKnownFileType = text.plist.xml; path = Info.plist; sourceTree = "<group>"; };
		F19B1881281BA6070061EEDC /* CuBa_PracticeTests.xctest */ = {isa = PBXFileReference; explicitFileType = wrapper.cfbundle; includeInIndex = 0; path = CuBa_PracticeTests.xctest; sourceTree = BUILT_PRODUCTS_DIR; };
		F19B1885281BA6070061EEDC /* CuBa_PracticeTests.swift */ = {isa = PBXFileReference; lastKnownFileType = sourcecode.swift; path = CuBa_PracticeTests.swift; sourceTree = "<group>"; };
		F19B188B281BA6070061EEDC /* CuBa_PracticeUITests.xctest */ = {isa = PBXFileReference; explicitFileType = wrapper.cfbundle; includeInIndex = 0; path = CuBa_PracticeUITests.xctest; sourceTree = BUILT_PRODUCTS_DIR; };
		F19B188F281BA6070061EEDC /* CuBa_PracticeUITests.swift */ = {isa = PBXFileReference; lastKnownFileType = sourcecode.swift; path = CuBa_PracticeUITests.swift; sourceTree = "<group>"; };
		F19B1891281BA6070061EEDC /* CuBa_PracticeUITestsLaunchTests.swift */ = {isa = PBXFileReference; lastKnownFileType = sourcecode.swift; path = CuBa_PracticeUITestsLaunchTests.swift; sourceTree = "<group>"; };
		F19B189F281BAA2C0061EEDC /* BaseCustomUITextField.swift */ = {isa = PBXFileReference; lastKnownFileType = sourcecode.swift; path = BaseCustomUITextField.swift; sourceTree = "<group>"; };
		F1D102AE281BC72300DD2C0D /* ColorFile.swift */ = {isa = PBXFileReference; lastKnownFileType = sourcecode.swift; path = ColorFile.swift; sourceTree = "<group>"; };
		F1D102B2281BE67600DD2C0D /* DMSans-Regular.ttf */ = {isa = PBXFileReference; lastKnownFileType = file; path = "DMSans-Regular.ttf"; sourceTree = "<group>"; };
		F1D102B3281BE67600DD2C0D /* DMSans-Medium.ttf */ = {isa = PBXFileReference; lastKnownFileType = file; path = "DMSans-Medium.ttf"; sourceTree = "<group>"; };
		F1D102B4281BE67600DD2C0D /* DMSans-Bold.ttf */ = {isa = PBXFileReference; lastKnownFileType = file; path = "DMSans-Bold.ttf"; sourceTree = "<group>"; };
		F1D102B5281BE67600DD2C0D /* DMSans-BoldItalic.ttf */ = {isa = PBXFileReference; lastKnownFileType = file; path = "DMSans-BoldItalic.ttf"; sourceTree = "<group>"; };
		F1D102B6281BE67600DD2C0D /* DMSans-MediumItalic.ttf */ = {isa = PBXFileReference; lastKnownFileType = file; path = "DMSans-MediumItalic.ttf"; sourceTree = "<group>"; };
		F1D102B7281BE67600DD2C0D /* DMSans-Italic.ttf */ = {isa = PBXFileReference; lastKnownFileType = file; path = "DMSans-Italic.ttf"; sourceTree = "<group>"; };
		F1D102B8281BEA5F00DD2C0D /* UserNameTextField.swift */ = {isa = PBXFileReference; lastKnownFileType = sourcecode.swift; path = UserNameTextField.swift; sourceTree = "<group>"; };
		F1D102BD281C0AE000DD2C0D /* PasswordUITextField.swift */ = {isa = PBXFileReference; lastKnownFileType = sourcecode.swift; path = PasswordUITextField.swift; sourceTree = "<group>"; };
		F1F27A782827EE40006729A2 /* R.generated.swift */ = {isa = PBXFileReference; lastKnownFileType = sourcecode.swift; path = R.generated.swift; sourceTree = "<group>"; };
		F1F27A7F2827F2B5006729A2 /* Identifiers.swift */ = {isa = PBXFileReference; lastKnownFileType = sourcecode.swift; path = Identifiers.swift; sourceTree = "<group>"; };
/* End PBXFileReference section */

/* Begin PBXFrameworksBuildPhase section */
		F19B1868281BA6050061EEDC /* Frameworks */ = {
			isa = PBXFrameworksBuildPhase;
			buildActionMask = 2147483647;
			files = (
				B9A1AE9B95B6D5D889AE7E28 /* Pods_CuBa_Practice.framework in Frameworks */,
			);
			runOnlyForDeploymentPostprocessing = 0;
		};
		F19B187E281BA6070061EEDC /* Frameworks */ = {
			isa = PBXFrameworksBuildPhase;
			buildActionMask = 2147483647;
			files = (
				E3F2B3C7844E43AE053FAF00 /* Pods_CuBa_PracticeTests.framework in Frameworks */,
			);
			runOnlyForDeploymentPostprocessing = 0;
		};
		F19B1888281BA6070061EEDC /* Frameworks */ = {
			isa = PBXFrameworksBuildPhase;
			buildActionMask = 2147483647;
			files = (
				FAC74EB37FBCEA60998FD533 /* Pods_CuBa_Practice_CuBa_PracticeUITests.framework in Frameworks */,
			);
			runOnlyForDeploymentPostprocessing = 0;
		};
/* End PBXFrameworksBuildPhase section */

/* Begin PBXGroup section */
		A47DD77B148C1BB9EF5F1A75 /* Pods */ = {
			isa = PBXGroup;
			children = (
				F049EA8F433323EBF1DFAE96 /* Pods-CuBa_Practice.debug.xcconfig */,
				868BA793949B15DE37F36AD7 /* Pods-CuBa_Practice.release.xcconfig */,
				6571FA21BD505B711484511B /* Pods-CuBa_Practice-CuBa_PracticeUITests.debug.xcconfig */,
				0B039A60C626A18AA7137185 /* Pods-CuBa_Practice-CuBa_PracticeUITests.release.xcconfig */,
				89875E2EA421D8B6CF37C0BD /* Pods-CuBa_PracticeTests.debug.xcconfig */,
				9BC3F889A586F0E4249B434B /* Pods-CuBa_PracticeTests.release.xcconfig */,
			);
			path = Pods;
			sourceTree = "<group>";
		};
		A5CB992C25B481B10A894DE5 /* Frameworks */ = {
			isa = PBXGroup;
			children = (
				658B59A43E038EEE7C395967 /* Pods_CuBa_Practice.framework */,
				CF7A96C60CD999FFEAEA6D25 /* Pods_CuBa_Practice_CuBa_PracticeUITests.framework */,
				E30C371F74F5FED71DB1DD01 /* Pods_CuBa_PracticeTests.framework */,
			);
			name = Frameworks;
			sourceTree = "<group>";
		};
		F15CB9062822872E00032101 /* User Profile */ = {
			isa = PBXGroup;
			children = (
				F15CB907282287E300032101 /* UserProfile.storyboard */,
				F15CB90B28228F2400032101 /* UserProfileViewController.swift */,
				F15CB9162822BF7100032101 /* ModelClass.swift */,
				F15CB9182822C7ED00032101 /* UserProfileCell.swift */,
			);
			path = "User Profile";
			sourceTree = "<group>";
		};
		F15CB90D2822946A00032101 /* CustomUIView */ = {
			isa = PBXGroup;
			children = (
				F15CB90E2822948E00032101 /* RoundedCustomUIView.swift */,
			);
			path = CustomUIView;
			sourceTree = "<group>";
		};
		F172EBDC28215AC100B05DCA /* UIButton */ = {
			isa = PBXGroup;
			children = (
				F13A3A2B282174BB0073D373 /* CustomSignupButton.swift */,
				F13A3A2D282176290073D373 /* BaseCustomUIButton.swift */,
				F10DA7882821C25600C0BAAB /* CustomSignInButton.swift */,
				F19788E72823B17400CFCE07 /* CustomWhiteBacKButton.swift */,
			);
			path = UIButton;
			sourceTree = "<group>";
		};
		F172EBFA2821601900B05DCA /* CustomUILabel */ = {
			isa = PBXGroup;
			children = (
				F13A3A2F282178AA0073D373 /* BaseUILabel.swift */,
				F15CB91028229E7000032101 /* DarkGrayUILabel.swift */,
				F15CB9122822A13500032101 /* LightGrayUILabel.swift */,
			);
			path = CustomUILabel;
			sourceTree = "<group>";
		};
		F19788E22823A42500CFCE07 /* OnBoarding Screen */ = {
			isa = PBXGroup;
			children = (
				F19788E32823A45600CFCE07 /* OnBoardingScreen.storyboard */,
				F19788E52823A48B00CFCE07 /* OnBoardingViewController.swift */,
				F19788E92823B1CB00CFCE07 /* OnBoardingModel.swift */,
				F19788EB2823B36D00CFCE07 /* OnBoardingScreenCell.swift */,
			);
			path = "OnBoarding Screen";
			sourceTree = "<group>";
		};
		F19B1862281BA6050061EEDC = {
			isa = PBXGroup;
			children = (
				F1D102B1281BE67600DD2C0D /* Fonts */,
				F19B186D281BA6050061EEDC /* CuBa_Practice */,
				F19B1884281BA6070061EEDC /* CuBa_PracticeTests */,
				F19B188E281BA6070061EEDC /* CuBa_PracticeUITests */,
				F19B186C281BA6050061EEDC /* Products */,
				A47DD77B148C1BB9EF5F1A75 /* Pods */,
				A5CB992C25B481B10A894DE5 /* Frameworks */,
			);
			sourceTree = "<group>";
		};
		F19B186C281BA6050061EEDC /* Products */ = {
			isa = PBXGroup;
			children = (
				F19B186B281BA6050061EEDC /* CuBa_Practice.app */,
				F19B1881281BA6070061EEDC /* CuBa_PracticeTests.xctest */,
				F19B188B281BA6070061EEDC /* CuBa_PracticeUITests.xctest */,
			);
			name = Products;
			sourceTree = "<group>";
		};
		F19B186D281BA6050061EEDC /* CuBa_Practice */ = {
			isa = PBXGroup;
			children = (
				F1F27A7E2827F280006729A2 /* Helper Class */,
				F1F27A782827EE40006729A2 /* R.generated.swift */,
				F19788E22823A42500CFCE07 /* OnBoarding Screen */,
				F15CB9062822872E00032101 /* User Profile */,
				F1D102AD281BC70E00DD2C0D /* Extensions */,
				F19B189E281BAA040061EEDC /* Custom Control */,
				F19B186E281BA6050061EEDC /* AppDelegate.swift */,
				F19B1870281BA6050061EEDC /* SceneDelegate.swift */,
				F19B1872281BA6050061EEDC /* ViewController.swift */,
				F172EBDF28215B8000B05DCA /* SignInViewController.swift */,
				F172EBE028215B8000B05DCA /* SignUpScreenViewController.swift */,
				F13A3A2428216A480073D373 /* Main.storyboard */,
				F19B1877281BA6060061EEDC /* Assets.xcassets */,
				F19B1879281BA6060061EEDC /* LaunchScreen.storyboard */,
				F19B187C281BA6060061EEDC /* Info.plist */,
			);
			path = CuBa_Practice;
			sourceTree = "<group>";
		};
		F19B1884281BA6070061EEDC /* CuBa_PracticeTests */ = {
			isa = PBXGroup;
			children = (
				F19B1885281BA6070061EEDC /* CuBa_PracticeTests.swift */,
			);
			path = CuBa_PracticeTests;
			sourceTree = "<group>";
		};
		F19B188E281BA6070061EEDC /* CuBa_PracticeUITests */ = {
			isa = PBXGroup;
			children = (
				F19B188F281BA6070061EEDC /* CuBa_PracticeUITests.swift */,
				F19B1891281BA6070061EEDC /* CuBa_PracticeUITestsLaunchTests.swift */,
			);
			path = CuBa_PracticeUITests;
			sourceTree = "<group>";
		};
		F19B189E281BAA040061EEDC /* Custom Control */ = {
			isa = PBXGroup;
			children = (
				F15CB90D2822946A00032101 /* CustomUIView */,
				F172EBFA2821601900B05DCA /* CustomUILabel */,
				F172EBDC28215AC100B05DCA /* UIButton */,
				F1D102B0281BCBB700DD2C0D /* CustomUITextField */,
			);
			path = "Custom Control";
			sourceTree = "<group>";
		};
		F1D102AD281BC70E00DD2C0D /* Extensions */ = {
			isa = PBXGroup;
			children = (
				F1D102AE281BC72300DD2C0D /* ColorFile.swift */,
				F172EBF828215FEC00B05DCA /* UIViewController.swift */,
			);
			path = Extensions;
			sourceTree = "<group>";
		};
		F1D102B0281BCBB700DD2C0D /* CustomUITextField */ = {
			isa = PBXGroup;
			children = (
				F19B189F281BAA2C0061EEDC /* BaseCustomUITextField.swift */,
				F172EBE928215CBA00B05DCA /* BuisnessUrlTextField.swift */,
				F172EBEA28215CBA00B05DCA /* EmailTextField.swift */,
				F1D102B8281BEA5F00DD2C0D /* UserNameTextField.swift */,
				F1D102BD281C0AE000DD2C0D /* PasswordUITextField.swift */,
				F10DA7862821BD2900C0BAAB /* UsernameTextFieldWithButton.swift */,
			);
			path = CustomUITextField;
			sourceTree = "<group>";
		};
		F1D102B1281BE67600DD2C0D /* Fonts */ = {
			isa = PBXGroup;
			children = (
				F1D102B2281BE67600DD2C0D /* DMSans-Regular.ttf */,
				F1D102B3281BE67600DD2C0D /* DMSans-Medium.ttf */,
				F1D102B4281BE67600DD2C0D /* DMSans-Bold.ttf */,
				F1D102B5281BE67600DD2C0D /* DMSans-BoldItalic.ttf */,
				F1D102B6281BE67600DD2C0D /* DMSans-MediumItalic.ttf */,
				F1D102B7281BE67600DD2C0D /* DMSans-Italic.ttf */,
			);
			path = Fonts;
			sourceTree = "<group>";
		};
		F1F27A7E2827F280006729A2 /* Helper Class */ = {
			isa = PBXGroup;
			children = (
				F1F27A7F2827F2B5006729A2 /* Identifiers.swift */,
			);
			path = "Helper Class";
			sourceTree = "<group>";
		};
/* End PBXGroup section */

/* Begin PBXNativeTarget section */
		F19B186A281BA6050061EEDC /* CuBa_Practice */ = {
			isa = PBXNativeTarget;
			buildConfigurationList = F19B1895281BA6070061EEDC /* Build configuration list for PBXNativeTarget "CuBa_Practice" */;
			buildPhases = (
				D5CB54594FB400C9D9903B91 /* [CP] Check Pods Manifest.lock */,
				F1F27A7A2827EF3A006729A2 /* ShellScript */,
				F19B1867281BA6050061EEDC /* Sources */,
				F19B1868281BA6050061EEDC /* Frameworks */,
				F19B1869281BA6050061EEDC /* Resources */,
				F8B7B0534BAA873C4C91A44F /* [CP] Embed Pods Frameworks */,
			);
			buildRules = (
			);
			dependencies = (
			);
			name = CuBa_Practice;
			productName = CuBa_Practice;
			productReference = F19B186B281BA6050061EEDC /* CuBa_Practice.app */;
			productType = "com.apple.product-type.application";
		};
		F19B1880281BA6070061EEDC /* CuBa_PracticeTests */ = {
			isa = PBXNativeTarget;
			buildConfigurationList = F19B1898281BA6070061EEDC /* Build configuration list for PBXNativeTarget "CuBa_PracticeTests" */;
			buildPhases = (
				96E0536FBFD2BE5AA8C0D4AE /* [CP] Check Pods Manifest.lock */,
				F19B187D281BA6070061EEDC /* Sources */,
				F19B187E281BA6070061EEDC /* Frameworks */,
				F19B187F281BA6070061EEDC /* Resources */,
			);
			buildRules = (
			);
			dependencies = (
				F19B1883281BA6070061EEDC /* PBXTargetDependency */,
			);
			name = CuBa_PracticeTests;
			productName = CuBa_PracticeTests;
			productReference = F19B1881281BA6070061EEDC /* CuBa_PracticeTests.xctest */;
			productType = "com.apple.product-type.bundle.unit-test";
		};
		F19B188A281BA6070061EEDC /* CuBa_PracticeUITests */ = {
			isa = PBXNativeTarget;
			buildConfigurationList = F19B189B281BA6070061EEDC /* Build configuration list for PBXNativeTarget "CuBa_PracticeUITests" */;
			buildPhases = (
				529C6EAA9883EC93D8027B53 /* [CP] Check Pods Manifest.lock */,
				F19B1887281BA6070061EEDC /* Sources */,
				F19B1888281BA6070061EEDC /* Frameworks */,
				F19B1889281BA6070061EEDC /* Resources */,
				90FF2BC4F7CBC5E427FFCF03 /* [CP] Embed Pods Frameworks */,
			);
			buildRules = (
			);
			dependencies = (
				F19B188D281BA6070061EEDC /* PBXTargetDependency */,
			);
			name = CuBa_PracticeUITests;
			productName = CuBa_PracticeUITests;
			productReference = F19B188B281BA6070061EEDC /* CuBa_PracticeUITests.xctest */;
			productType = "com.apple.product-type.bundle.ui-testing";
		};
/* End PBXNativeTarget section */

/* Begin PBXProject section */
		F19B1863281BA6050061EEDC /* Project object */ = {
			isa = PBXProject;
			attributes = {
				BuildIndependentTargetsInParallel = 1;
				LastSwiftUpdateCheck = 1310;
				LastUpgradeCheck = 1310;
				TargetAttributes = {
					F19B186A281BA6050061EEDC = {
						CreatedOnToolsVersion = 13.1;
					};
					F19B1880281BA6070061EEDC = {
						CreatedOnToolsVersion = 13.1;
						TestTargetID = F19B186A281BA6050061EEDC;
					};
					F19B188A281BA6070061EEDC = {
						CreatedOnToolsVersion = 13.1;
						TestTargetID = F19B186A281BA6050061EEDC;
					};
				};
			};
			buildConfigurationList = F19B1866281BA6050061EEDC /* Build configuration list for PBXProject "CuBa_Practice" */;
			compatibilityVersion = "Xcode 13.0";
			developmentRegion = en;
			hasScannedForEncodings = 0;
			knownRegions = (
				en,
				Base,
			);
			mainGroup = F19B1862281BA6050061EEDC;
			productRefGroup = F19B186C281BA6050061EEDC /* Products */;
			projectDirPath = "";
			projectRoot = "";
			targets = (
				F19B186A281BA6050061EEDC /* CuBa_Practice */,
				F19B1880281BA6070061EEDC /* CuBa_PracticeTests */,
				F19B188A281BA6070061EEDC /* CuBa_PracticeUITests */,
			);
		};
/* End PBXProject section */

/* Begin PBXResourcesBuildPhase section */
		F19B1869281BA6050061EEDC /* Resources */ = {
			isa = PBXResourcesBuildPhase;
			buildActionMask = 2147483647;
			files = (
				F15CB90028224B4600032101 /* DMSans-BoldItalic.ttf in Resources */,
				F15CB90228224B4C00032101 /* DMSans-Medium.ttf in Resources */,
				F19788E42823A45600CFCE07 /* OnBoardingScreen.storyboard in Resources */,
				F15CB90528224B5300032101 /* DMSans-Italic.ttf in Resources */,
				F15CB90128224B4900032101 /* DMSans-Bold.ttf in Resources */,
				F15CB90428224B5100032101 /* DMSans-MediumItalic.ttf in Resources */,
				F15CB90328224B4E00032101 /* DMSans-Regular.ttf in Resources */,
				F13A3A2628216A480073D373 /* Main.storyboard in Resources */,
				F157700E282166DB008EEF6F /* LaunchScreen.storyboard in Resources */,
				F19B1878281BA6060061EEDC /* Assets.xcassets in Resources */,
				F15CB908282287E300032101 /* UserProfile.storyboard in Resources */,
			);
			runOnlyForDeploymentPostprocessing = 0;
		};
		F19B187F281BA6070061EEDC /* Resources */ = {
			isa = PBXResourcesBuildPhase;
			buildActionMask = 2147483647;
			files = (
			);
			runOnlyForDeploymentPostprocessing = 0;
		};
		F19B1889281BA6070061EEDC /* Resources */ = {
			isa = PBXResourcesBuildPhase;
			buildActionMask = 2147483647;
			files = (
			);
			runOnlyForDeploymentPostprocessing = 0;
		};
/* End PBXResourcesBuildPhase section */

/* Begin PBXShellScriptBuildPhase section */
		529C6EAA9883EC93D8027B53 /* [CP] Check Pods Manifest.lock */ = {
			isa = PBXShellScriptBuildPhase;
			buildActionMask = 2147483647;
			files = (
			);
			inputFileListPaths = (
			);
			inputPaths = (
				"${PODS_PODFILE_DIR_PATH}/Podfile.lock",
				"${PODS_ROOT}/Manifest.lock",
			);
			name = "[CP] Check Pods Manifest.lock";
			outputFileListPaths = (
			);
			outputPaths = (
				"$(DERIVED_FILE_DIR)/Pods-CuBa_Practice-CuBa_PracticeUITests-checkManifestLockResult.txt",
			);
			runOnlyForDeploymentPostprocessing = 0;
			shellPath = /bin/sh;
			shellScript = "diff \"${PODS_PODFILE_DIR_PATH}/Podfile.lock\" \"${PODS_ROOT}/Manifest.lock\" > /dev/null\nif [ $? != 0 ] ; then\n    # print error to STDERR\n    echo \"error: The sandbox is not in sync with the Podfile.lock. Run 'pod install' or update your CocoaPods installation.\" >&2\n    exit 1\nfi\n# This output is used by Xcode 'outputs' to avoid re-running this script phase.\necho \"SUCCESS\" > \"${SCRIPT_OUTPUT_FILE_0}\"\n";
			showEnvVarsInLog = 0;
		};
		90FF2BC4F7CBC5E427FFCF03 /* [CP] Embed Pods Frameworks */ = {
			isa = PBXShellScriptBuildPhase;
			buildActionMask = 2147483647;
			files = (
			);
			inputFileListPaths = (
				"${PODS_ROOT}/Target Support Files/Pods-CuBa_Practice-CuBa_PracticeUITests/Pods-CuBa_Practice-CuBa_PracticeUITests-frameworks-${CONFIGURATION}-input-files.xcfilelist",
			);
			name = "[CP] Embed Pods Frameworks";
			outputFileListPaths = (
				"${PODS_ROOT}/Target Support Files/Pods-CuBa_Practice-CuBa_PracticeUITests/Pods-CuBa_Practice-CuBa_PracticeUITests-frameworks-${CONFIGURATION}-output-files.xcfilelist",
			);
			runOnlyForDeploymentPostprocessing = 0;
			shellPath = /bin/sh;
			shellScript = "\"${PODS_ROOT}/Target Support Files/Pods-CuBa_Practice-CuBa_PracticeUITests/Pods-CuBa_Practice-CuBa_PracticeUITests-frameworks.sh\"\n";
			showEnvVarsInLog = 0;
		};
		96E0536FBFD2BE5AA8C0D4AE /* [CP] Check Pods Manifest.lock */ = {
			isa = PBXShellScriptBuildPhase;
			buildActionMask = 2147483647;
			files = (
			);
			inputFileListPaths = (
			);
			inputPaths = (
				"${PODS_PODFILE_DIR_PATH}/Podfile.lock",
				"${PODS_ROOT}/Manifest.lock",
			);
			name = "[CP] Check Pods Manifest.lock";
			outputFileListPaths = (
			);
			outputPaths = (
				"$(DERIVED_FILE_DIR)/Pods-CuBa_PracticeTests-checkManifestLockResult.txt",
			);
			runOnlyForDeploymentPostprocessing = 0;
			shellPath = /bin/sh;
			shellScript = "diff \"${PODS_PODFILE_DIR_PATH}/Podfile.lock\" \"${PODS_ROOT}/Manifest.lock\" > /dev/null\nif [ $? != 0 ] ; then\n    # print error to STDERR\n    echo \"error: The sandbox is not in sync with the Podfile.lock. Run 'pod install' or update your CocoaPods installation.\" >&2\n    exit 1\nfi\n# This output is used by Xcode 'outputs' to avoid re-running this script phase.\necho \"SUCCESS\" > \"${SCRIPT_OUTPUT_FILE_0}\"\n";
			showEnvVarsInLog = 0;
		};
		D5CB54594FB400C9D9903B91 /* [CP] Check Pods Manifest.lock */ = {
			isa = PBXShellScriptBuildPhase;
			buildActionMask = 2147483647;
			files = (
			);
			inputFileListPaths = (
			);
			inputPaths = (
				"${PODS_PODFILE_DIR_PATH}/Podfile.lock",
				"${PODS_ROOT}/Manifest.lock",
			);
			name = "[CP] Check Pods Manifest.lock";
			outputFileListPaths = (
			);
			outputPaths = (
				"$(DERIVED_FILE_DIR)/Pods-CuBa_Practice-checkManifestLockResult.txt",
			);
			runOnlyForDeploymentPostprocessing = 0;
			shellPath = /bin/sh;
			shellScript = "diff \"${PODS_PODFILE_DIR_PATH}/Podfile.lock\" \"${PODS_ROOT}/Manifest.lock\" > /dev/null\nif [ $? != 0 ] ; then\n    # print error to STDERR\n    echo \"error: The sandbox is not in sync with the Podfile.lock. Run 'pod install' or update your CocoaPods installation.\" >&2\n    exit 1\nfi\n# This output is used by Xcode 'outputs' to avoid re-running this script phase.\necho \"SUCCESS\" > \"${SCRIPT_OUTPUT_FILE_0}\"\n";
			showEnvVarsInLog = 0;
		};
		F1F27A7A2827EF3A006729A2 /* ShellScript */ = {
			isa = PBXShellScriptBuildPhase;
			alwaysOutOfDate = 1;
			buildActionMask = 2147483647;
			files = (
			);
			inputFileListPaths = (
				"",
			);
			inputPaths = (
			);
			outputFileListPaths = (
			);
			outputPaths = (
				$SRCROOT/R.generated.swift,
			);
			runOnlyForDeploymentPostprocessing = 0;
			shellPath = /bin/sh;
			shellScript = "# Type a script or drag a script file from your workspace to insert its path.\n\"$PODS_ROOT/R.swift/rswift\" generate \"$SRCROOT/R.generated.swift\"\n";
		};
		F8B7B0534BAA873C4C91A44F /* [CP] Embed Pods Frameworks */ = {
			isa = PBXShellScriptBuildPhase;
			buildActionMask = 2147483647;
			files = (
			);
			inputFileListPaths = (
				"${PODS_ROOT}/Target Support Files/Pods-CuBa_Practice/Pods-CuBa_Practice-frameworks-${CONFIGURATION}-input-files.xcfilelist",
			);
			name = "[CP] Embed Pods Frameworks";
			outputFileListPaths = (
				"${PODS_ROOT}/Target Support Files/Pods-CuBa_Practice/Pods-CuBa_Practice-frameworks-${CONFIGURATION}-output-files.xcfilelist",
			);
			runOnlyForDeploymentPostprocessing = 0;
			shellPath = /bin/sh;
			shellScript = "\"${PODS_ROOT}/Target Support Files/Pods-CuBa_Practice/Pods-CuBa_Practice-frameworks.sh\"\n";
			showEnvVarsInLog = 0;
		};
/* End PBXShellScriptBuildPhase section */

/* Begin PBXSourcesBuildPhase section */
		F19B1867281BA6050061EEDC /* Sources */ = {
			isa = PBXSourcesBuildPhase;
			buildActionMask = 2147483647;
			files = (
				F1F27A792827EE40006729A2 /* R.generated.swift in Sources */,
				F13A3A2C282174BB0073D373 /* CustomSignupButton.swift in Sources */,
				F172EBF928215FEC00B05DCA /* UIViewController.swift in Sources */,
				F172EBEB28215CBA00B05DCA /* BuisnessUrlTextField.swift in Sources */,
				F19788E62823A48B00CFCE07 /* OnBoardingViewController.swift in Sources */,
				F172EBEC28215CBA00B05DCA /* EmailTextField.swift in Sources */,
				F1D102BE281C0AE000DD2C0D /* PasswordUITextField.swift in Sources */,
				F1D102B9281BEA5F00DD2C0D /* UserNameTextField.swift in Sources */,
				F172EBE128215B8000B05DCA /* SignInViewController.swift in Sources */,
				F15CB90C28228F2400032101 /* UserProfileViewController.swift in Sources */,
				F10DA7872821BD2900C0BAAB /* UsernameTextFieldWithButton.swift in Sources */,
				F10DA7892821C25600C0BAAB /* CustomSignInButton.swift in Sources */,
				F172EBE228215B8000B05DCA /* SignUpScreenViewController.swift in Sources */,
				F19B18A0281BAA2C0061EEDC /* BaseCustomUITextField.swift in Sources */,
				F13A3A2E282176290073D373 /* BaseCustomUIButton.swift in Sources */,
				F19788EA2823B1CB00CFCE07 /* OnBoardingModel.swift in Sources */,
				F19B1873281BA6050061EEDC /* ViewController.swift in Sources */,
				F19B186F281BA6050061EEDC /* AppDelegate.swift in Sources */,
				F19788EC2823B36D00CFCE07 /* OnBoardingScreenCell.swift in Sources */,
				F1F27A802827F2B5006729A2 /* Identifiers.swift in Sources */,
				F15CB90F2822948E00032101 /* RoundedCustomUIView.swift in Sources */,
				F15CB9172822BF7100032101 /* ModelClass.swift in Sources */,
				F1D102AF281BC72300DD2C0D /* ColorFile.swift in Sources */,
				F19B1871281BA6050061EEDC /* SceneDelegate.swift in Sources */,
				F19788E82823B17400CFCE07 /* CustomWhiteBacKButton.swift in Sources */,
				F15CB9132822A13500032101 /* LightGrayUILabel.swift in Sources */,
				F13A3A30282178AA0073D373 /* BaseUILabel.swift in Sources */,
				F15CB91128229E7000032101 /* DarkGrayUILabel.swift in Sources */,
				F15CB9192822C7ED00032101 /* UserProfileCell.swift in Sources */,
			);
			runOnlyForDeploymentPostprocessing = 0;
		};
		F19B187D281BA6070061EEDC /* Sources */ = {
			isa = PBXSourcesBuildPhase;
			buildActionMask = 2147483647;
			files = (
				F19B1886281BA6070061EEDC /* CuBa_PracticeTests.swift in Sources */,
			);
			runOnlyForDeploymentPostprocessing = 0;
		};
		F19B1887281BA6070061EEDC /* Sources */ = {
			isa = PBXSourcesBuildPhase;
			buildActionMask = 2147483647;
			files = (
				F19B1892281BA6070061EEDC /* CuBa_PracticeUITestsLaunchTests.swift in Sources */,
				F19B1890281BA6070061EEDC /* CuBa_PracticeUITests.swift in Sources */,
			);
			runOnlyForDeploymentPostprocessing = 0;
		};
/* End PBXSourcesBuildPhase section */

/* Begin PBXTargetDependency section */
		F19B1883281BA6070061EEDC /* PBXTargetDependency */ = {
			isa = PBXTargetDependency;
			target = F19B186A281BA6050061EEDC /* CuBa_Practice */;
			targetProxy = F19B1882281BA6070061EEDC /* PBXContainerItemProxy */;
		};
		F19B188D281BA6070061EEDC /* PBXTargetDependency */ = {
			isa = PBXTargetDependency;
			target = F19B186A281BA6050061EEDC /* CuBa_Practice */;
			targetProxy = F19B188C281BA6070061EEDC /* PBXContainerItemProxy */;
		};
/* End PBXTargetDependency section */

/* Begin PBXVariantGroup section */
		F13A3A2428216A480073D373 /* Main.storyboard */ = {
			isa = PBXVariantGroup;
			children = (
				F13A3A2528216A480073D373 /* Base */,
			);
			name = Main.storyboard;
			sourceTree = "<group>";
		};
		F19B1879281BA6060061EEDC /* LaunchScreen.storyboard */ = {
			isa = PBXVariantGroup;
			children = (
				F19B187A281BA6060061EEDC /* Base */,
			);
			name = LaunchScreen.storyboard;
			sourceTree = "<group>";
		};
/* End PBXVariantGroup section */

/* Begin XCBuildConfiguration section */
		F19B1893281BA6070061EEDC /* Debug */ = {
			isa = XCBuildConfiguration;
			buildSettings = {
				ALWAYS_SEARCH_USER_PATHS = NO;
				CLANG_ANALYZER_NONNULL = YES;
				CLANG_ANALYZER_NUMBER_OBJECT_CONVERSION = YES_AGGRESSIVE;
				CLANG_CXX_LANGUAGE_STANDARD = "gnu++17";
				CLANG_CXX_LIBRARY = "libc++";
				CLANG_ENABLE_MODULES = YES;
				CLANG_ENABLE_OBJC_ARC = YES;
				CLANG_ENABLE_OBJC_WEAK = YES;
				CLANG_WARN_BLOCK_CAPTURE_AUTORELEASING = YES;
				CLANG_WARN_BOOL_CONVERSION = YES;
				CLANG_WARN_COMMA = YES;
				CLANG_WARN_CONSTANT_CONVERSION = YES;
				CLANG_WARN_DEPRECATED_OBJC_IMPLEMENTATIONS = YES;
				CLANG_WARN_DIRECT_OBJC_ISA_USAGE = YES_ERROR;
				CLANG_WARN_DOCUMENTATION_COMMENTS = YES;
				CLANG_WARN_EMPTY_BODY = YES;
				CLANG_WARN_ENUM_CONVERSION = YES;
				CLANG_WARN_INFINITE_RECURSION = YES;
				CLANG_WARN_INT_CONVERSION = YES;
				CLANG_WARN_NON_LITERAL_NULL_CONVERSION = YES;
				CLANG_WARN_OBJC_IMPLICIT_RETAIN_SELF = YES;
				CLANG_WARN_OBJC_LITERAL_CONVERSION = YES;
				CLANG_WARN_OBJC_ROOT_CLASS = YES_ERROR;
				CLANG_WARN_QUOTED_INCLUDE_IN_FRAMEWORK_HEADER = YES;
				CLANG_WARN_RANGE_LOOP_ANALYSIS = YES;
				CLANG_WARN_STRICT_PROTOTYPES = YES;
				CLANG_WARN_SUSPICIOUS_MOVE = YES;
				CLANG_WARN_UNGUARDED_AVAILABILITY = YES_AGGRESSIVE;
				CLANG_WARN_UNREACHABLE_CODE = YES;
				CLANG_WARN__DUPLICATE_METHOD_MATCH = YES;
				COPY_PHASE_STRIP = NO;
				DEBUG_INFORMATION_FORMAT = dwarf;
				ENABLE_STRICT_OBJC_MSGSEND = YES;
				ENABLE_TESTABILITY = YES;
				GCC_C_LANGUAGE_STANDARD = gnu11;
				GCC_DYNAMIC_NO_PIC = NO;
				GCC_NO_COMMON_BLOCKS = YES;
				GCC_OPTIMIZATION_LEVEL = 0;
				GCC_PREPROCESSOR_DEFINITIONS = (
					"DEBUG=1",
					"$(inherited)",
				);
				GCC_WARN_64_TO_32_BIT_CONVERSION = YES;
				GCC_WARN_ABOUT_RETURN_TYPE = YES_ERROR;
				GCC_WARN_UNDECLARED_SELECTOR = YES;
				GCC_WARN_UNINITIALIZED_AUTOS = YES_AGGRESSIVE;
				GCC_WARN_UNUSED_FUNCTION = YES;
				GCC_WARN_UNUSED_VARIABLE = YES;
				IPHONEOS_DEPLOYMENT_TARGET = 15.0;
				MTL_ENABLE_DEBUG_INFO = INCLUDE_SOURCE;
				MTL_FAST_MATH = YES;
				ONLY_ACTIVE_ARCH = YES;
				SDKROOT = iphoneos;
				SWIFT_ACTIVE_COMPILATION_CONDITIONS = DEBUG;
				SWIFT_OPTIMIZATION_LEVEL = "-Onone";
			};
			name = Debug;
		};
		F19B1894281BA6070061EEDC /* Release */ = {
			isa = XCBuildConfiguration;
			buildSettings = {
				ALWAYS_SEARCH_USER_PATHS = NO;
				CLANG_ANALYZER_NONNULL = YES;
				CLANG_ANALYZER_NUMBER_OBJECT_CONVERSION = YES_AGGRESSIVE;
				CLANG_CXX_LANGUAGE_STANDARD = "gnu++17";
				CLANG_CXX_LIBRARY = "libc++";
				CLANG_ENABLE_MODULES = YES;
				CLANG_ENABLE_OBJC_ARC = YES;
				CLANG_ENABLE_OBJC_WEAK = YES;
				CLANG_WARN_BLOCK_CAPTURE_AUTORELEASING = YES;
				CLANG_WARN_BOOL_CONVERSION = YES;
				CLANG_WARN_COMMA = YES;
				CLANG_WARN_CONSTANT_CONVERSION = YES;
				CLANG_WARN_DEPRECATED_OBJC_IMPLEMENTATIONS = YES;
				CLANG_WARN_DIRECT_OBJC_ISA_USAGE = YES_ERROR;
				CLANG_WARN_DOCUMENTATION_COMMENTS = YES;
				CLANG_WARN_EMPTY_BODY = YES;
				CLANG_WARN_ENUM_CONVERSION = YES;
				CLANG_WARN_INFINITE_RECURSION = YES;
				CLANG_WARN_INT_CONVERSION = YES;
				CLANG_WARN_NON_LITERAL_NULL_CONVERSION = YES;
				CLANG_WARN_OBJC_IMPLICIT_RETAIN_SELF = YES;
				CLANG_WARN_OBJC_LITERAL_CONVERSION = YES;
				CLANG_WARN_OBJC_ROOT_CLASS = YES_ERROR;
				CLANG_WARN_QUOTED_INCLUDE_IN_FRAMEWORK_HEADER = YES;
				CLANG_WARN_RANGE_LOOP_ANALYSIS = YES;
				CLANG_WARN_STRICT_PROTOTYPES = YES;
				CLANG_WARN_SUSPICIOUS_MOVE = YES;
				CLANG_WARN_UNGUARDED_AVAILABILITY = YES_AGGRESSIVE;
				CLANG_WARN_UNREACHABLE_CODE = YES;
				CLANG_WARN__DUPLICATE_METHOD_MATCH = YES;
				COPY_PHASE_STRIP = NO;
				DEBUG_INFORMATION_FORMAT = "dwarf-with-dsym";
				ENABLE_NS_ASSERTIONS = NO;
				ENABLE_STRICT_OBJC_MSGSEND = YES;
				GCC_C_LANGUAGE_STANDARD = gnu11;
				GCC_NO_COMMON_BLOCKS = YES;
				GCC_WARN_64_TO_32_BIT_CONVERSION = YES;
				GCC_WARN_ABOUT_RETURN_TYPE = YES_ERROR;
				GCC_WARN_UNDECLARED_SELECTOR = YES;
				GCC_WARN_UNINITIALIZED_AUTOS = YES_AGGRESSIVE;
				GCC_WARN_UNUSED_FUNCTION = YES;
				GCC_WARN_UNUSED_VARIABLE = YES;
				IPHONEOS_DEPLOYMENT_TARGET = 15.0;
				MTL_ENABLE_DEBUG_INFO = NO;
				MTL_FAST_MATH = YES;
				SDKROOT = iphoneos;
				SWIFT_COMPILATION_MODE = wholemodule;
				SWIFT_OPTIMIZATION_LEVEL = "-O";
				VALIDATE_PRODUCT = YES;
			};
			name = Release;
		};
		F19B1896281BA6070061EEDC /* Debug */ = {
			isa = XCBuildConfiguration;
			baseConfigurationReference = F049EA8F433323EBF1DFAE96 /* Pods-CuBa_Practice.debug.xcconfig */;
			buildSettings = {
				ASSETCATALOG_COMPILER_APPICON_NAME = AppIcon;
				ASSETCATALOG_COMPILER_GLOBAL_ACCENT_COLOR_NAME = AccentColor;
				CODE_SIGN_STYLE = Automatic;
				CURRENT_PROJECT_VERSION = 1;
				GENERATE_INFOPLIST_FILE = YES;
				INFOPLIST_FILE = CuBa_Practice/Info.plist;
				INFOPLIST_KEY_UIApplicationSupportsIndirectInputEvents = YES;
				INFOPLIST_KEY_UILaunchStoryboardName = LaunchScreen;
				INFOPLIST_KEY_UIMainStoryboardFile = Main;
				INFOPLIST_KEY_UISupportedInterfaceOrientations_iPad = "UIInterfaceOrientationPortrait UIInterfaceOrientationPortraitUpsideDown UIInterfaceOrientationLandscapeLeft UIInterfaceOrientationLandscapeRight";
				INFOPLIST_KEY_UISupportedInterfaceOrientations_iPhone = "UIInterfaceOrientationPortrait UIInterfaceOrientationLandscapeLeft UIInterfaceOrientationLandscapeRight";
				LD_RUNPATH_SEARCH_PATHS = (
					"$(inherited)",
					"@executable_path/Frameworks",
				);
				MARKETING_VERSION = 1.0;
				PRODUCT_BUNDLE_IDENTIFIER = "ios-Demoapp.CuBa-Practice";
				PRODUCT_NAME = "$(TARGET_NAME)";
				SWIFT_EMIT_LOC_STRINGS = YES;
				SWIFT_VERSION = 5.0;
				TARGETED_DEVICE_FAMILY = "1,2";
			};
			name = Debug;
		};
		F19B1897281BA6070061EEDC /* Release */ = {
			isa = XCBuildConfiguration;
			baseConfigurationReference = 868BA793949B15DE37F36AD7 /* Pods-CuBa_Practice.release.xcconfig */;
			buildSettings = {
				ASSETCATALOG_COMPILER_APPICON_NAME = AppIcon;
				ASSETCATALOG_COMPILER_GLOBAL_ACCENT_COLOR_NAME = AccentColor;
				CODE_SIGN_STYLE = Automatic;
				CURRENT_PROJECT_VERSION = 1;
				GENERATE_INFOPLIST_FILE = YES;
				INFOPLIST_FILE = CuBa_Practice/Info.plist;
				INFOPLIST_KEY_UIApplicationSupportsIndirectInputEvents = YES;
				INFOPLIST_KEY_UILaunchStoryboardName = LaunchScreen;
				INFOPLIST_KEY_UIMainStoryboardFile = Main;
				INFOPLIST_KEY_UISupportedInterfaceOrientations_iPad = "UIInterfaceOrientationPortrait UIInterfaceOrientationPortraitUpsideDown UIInterfaceOrientationLandscapeLeft UIInterfaceOrientationLandscapeRight";
				INFOPLIST_KEY_UISupportedInterfaceOrientations_iPhone = "UIInterfaceOrientationPortrait UIInterfaceOrientationLandscapeLeft UIInterfaceOrientationLandscapeRight";
				LD_RUNPATH_SEARCH_PATHS = (
					"$(inherited)",
					"@executable_path/Frameworks",
				);
				MARKETING_VERSION = 1.0;
				PRODUCT_BUNDLE_IDENTIFIER = "ios-Demoapp.CuBa-Practice";
				PRODUCT_NAME = "$(TARGET_NAME)";
				SWIFT_EMIT_LOC_STRINGS = YES;
				SWIFT_VERSION = 5.0;
				TARGETED_DEVICE_FAMILY = "1,2";
			};
			name = Release;
		};
		F19B1899281BA6070061EEDC /* Debug */ = {
			isa = XCBuildConfiguration;
			baseConfigurationReference = 89875E2EA421D8B6CF37C0BD /* Pods-CuBa_PracticeTests.debug.xcconfig */;
			buildSettings = {
				ALWAYS_EMBED_SWIFT_STANDARD_LIBRARIES = YES;
				BUNDLE_LOADER = "$(TEST_HOST)";
				CODE_SIGN_STYLE = Automatic;
				CURRENT_PROJECT_VERSION = 1;
				GENERATE_INFOPLIST_FILE = YES;
				IPHONEOS_DEPLOYMENT_TARGET = 15.0;
				LD_RUNPATH_SEARCH_PATHS = (
					"$(inherited)",
					"@executable_path/Frameworks",
					"@loader_path/Frameworks",
				);
				MARKETING_VERSION = 1.0;
				PRODUCT_BUNDLE_IDENTIFIER = "ios-Demoapp.CuBa-PracticeTests";
				PRODUCT_NAME = "$(TARGET_NAME)";
				SWIFT_EMIT_LOC_STRINGS = NO;
				SWIFT_VERSION = 5.0;
				TARGETED_DEVICE_FAMILY = "1,2";
				TEST_HOST = "$(BUILT_PRODUCTS_DIR)/CuBa_Practice.app/CuBa_Practice";
			};
			name = Debug;
		};
		F19B189A281BA6070061EEDC /* Release */ = {
			isa = XCBuildConfiguration;
			baseConfigurationReference = 9BC3F889A586F0E4249B434B /* Pods-CuBa_PracticeTests.release.xcconfig */;
			buildSettings = {
				ALWAYS_EMBED_SWIFT_STANDARD_LIBRARIES = YES;
				BUNDLE_LOADER = "$(TEST_HOST)";
				CODE_SIGN_STYLE = Automatic;
				CURRENT_PROJECT_VERSION = 1;
				GENERATE_INFOPLIST_FILE = YES;
				IPHONEOS_DEPLOYMENT_TARGET = 15.0;
				LD_RUNPATH_SEARCH_PATHS = (
					"$(inherited)",
					"@executable_path/Frameworks",
					"@loader_path/Frameworks",
				);
				MARKETING_VERSION = 1.0;
				PRODUCT_BUNDLE_IDENTIFIER = "ios-Demoapp.CuBa-PracticeTests";
				PRODUCT_NAME = "$(TARGET_NAME)";
				SWIFT_EMIT_LOC_STRINGS = NO;
				SWIFT_VERSION = 5.0;
				TARGETED_DEVICE_FAMILY = "1,2";
				TEST_HOST = "$(BUILT_PRODUCTS_DIR)/CuBa_Practice.app/CuBa_Practice";
			};
			name = Release;
		};
		F19B189C281BA6070061EEDC /* Debug */ = {
			isa = XCBuildConfiguration;
			baseConfigurationReference = 6571FA21BD505B711484511B /* Pods-CuBa_Practice-CuBa_PracticeUITests.debug.xcconfig */;
			buildSettings = {
				ALWAYS_EMBED_SWIFT_STANDARD_LIBRARIES = YES;
				CODE_SIGN_STYLE = Automatic;
				CURRENT_PROJECT_VERSION = 1;
				GENERATE_INFOPLIST_FILE = YES;
				LD_RUNPATH_SEARCH_PATHS = (
					"$(inherited)",
					"@executable_path/Frameworks",
					"@loader_path/Frameworks",
				);
				MARKETING_VERSION = 1.0;
				PRODUCT_BUNDLE_IDENTIFIER = "ios-Demoapp.CuBa-PracticeUITests";
				PRODUCT_NAME = "$(TARGET_NAME)";
				SWIFT_EMIT_LOC_STRINGS = NO;
				SWIFT_VERSION = 5.0;
				TARGETED_DEVICE_FAMILY = "1,2";
				TEST_TARGET_NAME = CuBa_Practice;
			};
			name = Debug;
		};
		F19B189D281BA6070061EEDC /* Release */ = {
			isa = XCBuildConfiguration;
			baseConfigurationReference = 0B039A60C626A18AA7137185 /* Pods-CuBa_Practice-CuBa_PracticeUITests.release.xcconfig */;
			buildSettings = {
				ALWAYS_EMBED_SWIFT_STANDARD_LIBRARIES = YES;
				CODE_SIGN_STYLE = Automatic;
				CURRENT_PROJECT_VERSION = 1;
				GENERATE_INFOPLIST_FILE = YES;
				LD_RUNPATH_SEARCH_PATHS = (
					"$(inherited)",
					"@executable_path/Frameworks",
					"@loader_path/Frameworks",
				);
				MARKETING_VERSION = 1.0;
				PRODUCT_BUNDLE_IDENTIFIER = "ios-Demoapp.CuBa-PracticeUITests";
				PRODUCT_NAME = "$(TARGET_NAME)";
				SWIFT_EMIT_LOC_STRINGS = NO;
				SWIFT_VERSION = 5.0;
				TARGETED_DEVICE_FAMILY = "1,2";
				TEST_TARGET_NAME = CuBa_Practice;
			};
			name = Release;
		};
/* End XCBuildConfiguration section */

/* Begin XCConfigurationList section */
		F19B1866281BA6050061EEDC /* Build configuration list for PBXProject "CuBa_Practice" */ = {
			isa = XCConfigurationList;
			buildConfigurations = (
				F19B1893281BA6070061EEDC /* Debug */,
				F19B1894281BA6070061EEDC /* Release */,
			);
			defaultConfigurationIsVisible = 0;
			defaultConfigurationName = Release;
		};
		F19B1895281BA6070061EEDC /* Build configuration list for PBXNativeTarget "CuBa_Practice" */ = {
			isa = XCConfigurationList;
			buildConfigurations = (
				F19B1896281BA6070061EEDC /* Debug */,
				F19B1897281BA6070061EEDC /* Release */,
			);
			defaultConfigurationIsVisible = 0;
			defaultConfigurationName = Release;
		};
		F19B1898281BA6070061EEDC /* Build configuration list for PBXNativeTarget "CuBa_PracticeTests" */ = {
			isa = XCConfigurationList;
			buildConfigurations = (
				F19B1899281BA6070061EEDC /* Debug */,
				F19B189A281BA6070061EEDC /* Release */,
			);
			defaultConfigurationIsVisible = 0;
			defaultConfigurationName = Release;
		};
		F19B189B281BA6070061EEDC /* Build configuration list for PBXNativeTarget "CuBa_PracticeUITests" */ = {
			isa = XCConfigurationList;
			buildConfigurations = (
				F19B189C281BA6070061EEDC /* Debug */,
				F19B189D281BA6070061EEDC /* Release */,
			);
			defaultConfigurationIsVisible = 0;
			defaultConfigurationName = Release;
		};
/* End XCConfigurationList section */
	};
	rootObject = F19B1863281BA6050061EEDC /* Project object */;
}
